
Microsoft Visual Studio Solution File, Format Version 12.00
Project("{FAE04EC0-301F-11D3-BF4B-00C04F79EFBC}") = "HelloWorld", "HelloWorld\HelloWorld.csproj", "{AC374E68-5561-4E52-8D56-61D3AED0AAB4}"
EndProject
Global
	GlobalSection(SolutionConfigurationPlatforms) = preSolution
		Debug|Any CPU = Debug|Any CPU
		Release|Any CPU = Release|Any CPU
	EndGlobalSection
	GlobalSection(ProjectConfigurationPlatforms) = postSolution
		{AC374E68-5561-4E52-8D56-61D3AED0AAB4}.Debug|Any CPU.ActiveCfg = Debug|Any CPU
		{AC374E68-5561-4E52-8D56-61D3AED0AAB4}.Debug|Any CPU.Build.0 = Debug|Any CPU
		{AC374E68-5561-4E52-8D56-61D3AED0AAB4}.Release|Any CPU.ActiveCfg = Release|Any CPU
		{AC374E68-5561-4E52-8D56-61D3AED0AAB4}.Release|Any CPU.Build.0 = Release|Any CPU
	EndGlobalSection
EndGlobal
